
Microsoft Visual Studio Solution File, Format Version 12.00
# Visual Studio Version 17
VisualStudioVersion = 17.0.32126.317
MinimumVisualStudioVersion = 10.0.40219.1
Project("{FAE04EC0-301F-11D3-BF4B-00C04F79EFBC}") = "CalculadoraJurosFinanceiro", "CalculadoraJurosFinanceiro\CalculadoraJurosFinanceiro.csproj", "{57C773D3-E063-4201-B7D6-4B43BEC82C1D}"
EndProject
Global
	GlobalSection(SolutionConfigurationPlatforms) = preSolution
		Debug|Any CPU = Debug|Any CPU
		Release|Any CPU = Release|Any CPU
	EndGlobalSection
	GlobalSection(ProjectConfigurationPlatforms) = postSolution
		{57C773D3-E063-4201-B7D6-4B43BEC82C1D}.Debug|Any CPU.ActiveCfg = Debug|Any CPU
		{57C773D3-E063-4201-B7D6-4B43BEC82C1D}.Debug|Any CPU.Build.0 = Debug|Any CPU
		{57C773D3-E063-4201-B7D6-4B43BEC82C1D}.Release|Any CPU.ActiveCfg = Release|Any CPU
		{57C773D3-E063-4201-B7D6-4B43BEC82C1D}.Release|Any CPU.Build.0 = Release|Any CPU
	EndGlobalSection
	GlobalSection(SolutionProperties) = preSolution
		HideSolutionNode = FALSE
	EndGlobalSection
	GlobalSection(ExtensibilityGlobals) = postSolution
		SolutionGuid = {1B40AC91-1AA0-4FA1-8791-FCEA9AEA7C20}
	EndGlobalSection
EndGlobal
